
Microsoft Visual Studio Solution File, Format Version 12.00
Project("{FAE04EC0-301F-11D3-BF4B-00C04F79EFBC}") = "Task1", "Task1.csproj", "{708E7075-AD98-47BD-A952-811B4F1BFDEB}"
EndProject
Global
	GlobalSection(SolutionConfigurationPlatforms) = preSolution
		Debug|Any CPU = Debug|Any CPU
		Release|Any CPU = Release|Any CPU
	EndGlobalSection
	GlobalSection(ProjectConfigurationPlatforms) = postSolution
		{708E7075-AD98-47BD-A952-811B4F1BFDEB}.Debug|Any CPU.ActiveCfg = Debug|Any CPU
		{708E7075-AD98-47BD-A952-811B4F1BFDEB}.Debug|Any CPU.Build.0 = Debug|Any CPU
		{708E7075-AD98-47BD-A952-811B4F1BFDEB}.Release|Any CPU.ActiveCfg = Release|Any CPU
		{708E7075-AD98-47BD-A952-811B4F1BFDEB}.Release|Any CPU.Build.0 = Release|Any CPU
	EndGlobalSection
EndGlobal
